
Microsoft Visual Studio Solution File, Format Version 12.00
# Visual Studio Version 17
VisualStudioVersion = 17.12.35506.116
MinimumVisualStudioVersion = 10.0.40219.1
Project("{FAE04EC0-301F-11D3-BF4B-00C04F79EFBC}") = "DinningRoom", "DinningRoom.csproj", "{905AFBD5-2DF9-43A9-947E-130DDED93B5D}"
EndProject
Project("{2150E333-8FDC-42A3-9474-1A3956D46DE8}") = "Solution Items", "Solution Items", "{1B02CE71-6E1C-4F34-93EA-302A7D72B2D1}"
	ProjectSection(SolutionItems) = preProject
		ProblemaFilosofos.cs = ProblemaFilosofos.cs
	EndProjectSection
EndProject
Global
	GlobalSection(SolutionConfigurationPlatforms) = preSolution
		Debug|Any CPU = Debug|Any CPU
		Release|Any CPU = Release|Any CPU
	EndGlobalSection
	GlobalSection(ProjectConfigurationPlatforms) = postSolution
		{905AFBD5-2DF9-43A9-947E-130DDED93B5D}.Debug|Any CPU.ActiveCfg = Debug|Any CPU
		{905AFBD5-2DF9-43A9-947E-130DDED93B5D}.Debug|Any CPU.Build.0 = Debug|Any CPU
		{905AFBD5-2DF9-43A9-947E-130DDED93B5D}.Release|Any CPU.ActiveCfg = Release|Any CPU
		{905AFBD5-2DF9-43A9-947E-130DDED93B5D}.Release|Any CPU.Build.0 = Release|Any CPU
	EndGlobalSection
	GlobalSection(SolutionProperties) = preSolution
		HideSolutionNode = FALSE
	EndGlobalSection
EndGlobal
